
Microsoft Visual Studio Solution File, Format Version 12.00
# Visual Studio Version 17
VisualStudioVersion = 17.14.36310.24 d17.14
MinimumVisualStudioVersion = 10.0.40219.1
Project("{FAE04EC0-301F-11D3-BF4B-00C04F79EFBC}") = "FoodieMatchAPI", "FoodieMatchAPI\FoodieMatchAPI.csproj", "{DA5ABAB1-D0A9-4DEE-A320-3C972C629F9E}"
EndProject
Project("{FAE04EC0-301F-11D3-BF4B-00C04F79EFBC}") = "FoodieMatchAPI.Models", "FoodieMatchAPI.Models\FoodieMatchAPI.Models.csproj", "{4395CB6E-4F77-48AD-B264-C5B25D7B7D0C}"
EndProject
Project("{FAE04EC0-301F-11D3-BF4B-00C04F79EFBC}") = "FoodieMatchAPI.Repository", "FoodieMatchAPI.Repository\FoodieMatchAPI.Repository.csproj", "{927252D8-36C9-42F0-BC1C-405008C97CC4}"
EndProject
Project("{2150E333-8FDC-42A3-9474-1A3956D46DE8}") = "Solution Items", "Solution Items", "{02EA681E-C7D8-13C7-8484-4AC65E1B71E8}"
	ProjectSection(SolutionItems) = preProject
		.editorconfig = .editorconfig
	EndProjectSection
EndProject
Global
	GlobalSection(SolutionConfigurationPlatforms) = preSolution
		Debug|Any CPU = Debug|Any CPU
		Release|Any CPU = Release|Any CPU
	EndGlobalSection
	GlobalSection(ProjectConfigurationPlatforms) = postSolution
		{DA5ABAB1-D0A9-4DEE-A320-3C972C629F9E}.Debug|Any CPU.ActiveCfg = Debug|Any CPU
		{DA5ABAB1-D0A9-4DEE-A320-3C972C629F9E}.Debug|Any CPU.Build.0 = Debug|Any CPU
		{DA5ABAB1-D0A9-4DEE-A320-3C972C629F9E}.Release|Any CPU.ActiveCfg = Release|Any CPU
		{DA5ABAB1-D0A9-4DEE-A320-3C972C629F9E}.Release|Any CPU.Build.0 = Release|Any CPU
		{4395CB6E-4F77-48AD-B264-C5B25D7B7D0C}.Debug|Any CPU.ActiveCfg = Debug|Any CPU
		{4395CB6E-4F77-48AD-B264-C5B25D7B7D0C}.Debug|Any CPU.Build.0 = Debug|Any CPU
		{4395CB6E-4F77-48AD-B264-C5B25D7B7D0C}.Release|Any CPU.ActiveCfg = Release|Any CPU
		{4395CB6E-4F77-48AD-B264-C5B25D7B7D0C}.Release|Any CPU.Build.0 = Release|Any CPU
		{927252D8-36C9-42F0-BC1C-405008C97CC4}.Debug|Any CPU.ActiveCfg = Debug|Any CPU
		{927252D8-36C9-42F0-BC1C-405008C97CC4}.Debug|Any CPU.Build.0 = Debug|Any CPU
		{927252D8-36C9-42F0-BC1C-405008C97CC4}.Release|Any CPU.ActiveCfg = Release|Any CPU
		{927252D8-36C9-42F0-BC1C-405008C97CC4}.Release|Any CPU.Build.0 = Release|Any CPU
	EndGlobalSection
	GlobalSection(SolutionProperties) = preSolution
		HideSolutionNode = FALSE
	EndGlobalSection
	GlobalSection(ExtensibilityGlobals) = postSolution
		SolutionGuid = {B3228010-2232-4703-949A-82D79EC28804}
	EndGlobalSection
EndGlobal
